
Microsoft Visual Studio Solution File, Format Version 12.00
# Visual Studio Version 16
VisualStudioVersion = 16.0.31205.134
MinimumVisualStudioVersion = 10.0.40219.1
Project("{9A19103F-16F7-4668-BE54-9A1E7A4F7556}") = "Volunteers.API", "Volunteers.API\Volunteers.API.csproj", "{CC009952-56D0-4EF6-B810-706CEDE02FBF}"
EndProject
Project("{9A19103F-16F7-4668-BE54-9A1E7A4F7556}") = "Volunteers.DB", "Volunteers.DB\Volunteers.DB.csproj", "{99B32EDB-9326-4788-93C5-5083D3EF563E}"
EndProject
Project("{9A19103F-16F7-4668-BE54-9A1E7A4F7556}") = "Volunteers.Services", "Volunteers.Services\Volunteers.Services.csproj", "{6F41698F-6160-4E3C-896A-4A09AFB290C6}"
EndProject
Project("{9A19103F-16F7-4668-BE54-9A1E7A4F7556}") = "Volunteers.Entities", "Volunteers.Entities\Volunteers.Entities.csproj", "{64326F12-5885-4B55-ACFD-0D1E17055B68}"
EndProject
Global
	GlobalSection(SolutionConfigurationPlatforms) = preSolution
		Debug|Any CPU = Debug|Any CPU
		Release|Any CPU = Release|Any CPU
	EndGlobalSection
	GlobalSection(ProjectConfigurationPlatforms) = postSolution
		{CC009952-56D0-4EF6-B810-706CEDE02FBF}.Debug|Any CPU.ActiveCfg = Debug|Any CPU
		{CC009952-56D0-4EF6-B810-706CEDE02FBF}.Debug|Any CPU.Build.0 = Debug|Any CPU
		{CC009952-56D0-4EF6-B810-706CEDE02FBF}.Release|Any CPU.ActiveCfg = Release|Any CPU
		{CC009952-56D0-4EF6-B810-706CEDE02FBF}.Release|Any CPU.Build.0 = Release|Any CPU
		{99B32EDB-9326-4788-93C5-5083D3EF563E}.Debug|Any CPU.ActiveCfg = Debug|Any CPU
		{99B32EDB-9326-4788-93C5-5083D3EF563E}.Debug|Any CPU.Build.0 = Debug|Any CPU
		{99B32EDB-9326-4788-93C5-5083D3EF563E}.Release|Any CPU.ActiveCfg = Release|Any CPU
		{99B32EDB-9326-4788-93C5-5083D3EF563E}.Release|Any CPU.Build.0 = Release|Any CPU
		{6F41698F-6160-4E3C-896A-4A09AFB290C6}.Debug|Any CPU.ActiveCfg = Debug|Any CPU
		{6F41698F-6160-4E3C-896A-4A09AFB290C6}.Debug|Any CPU.Build.0 = Debug|Any CPU
		{6F41698F-6160-4E3C-896A-4A09AFB290C6}.Release|Any CPU.ActiveCfg = Release|Any CPU
		{6F41698F-6160-4E3C-896A-4A09AFB290C6}.Release|Any CPU.Build.0 = Release|Any CPU
		{64326F12-5885-4B55-ACFD-0D1E17055B68}.Debug|Any CPU.ActiveCfg = Debug|Any CPU
		{64326F12-5885-4B55-ACFD-0D1E17055B68}.Debug|Any CPU.Build.0 = Debug|Any CPU
		{64326F12-5885-4B55-ACFD-0D1E17055B68}.Release|Any CPU.ActiveCfg = Release|Any CPU
		{64326F12-5885-4B55-ACFD-0D1E17055B68}.Release|Any CPU.Build.0 = Release|Any CPU
	EndGlobalSection
	GlobalSection(SolutionProperties) = preSolution
		HideSolutionNode = FALSE
	EndGlobalSection
	GlobalSection(ExtensibilityGlobals) = postSolution
		SolutionGuid = {5EA80756-2BEE-4C0B-9497-E0A4CA7FC10A}
	EndGlobalSection
EndGlobal
